
Microsoft Visual Studio Solution File, Format Version 12.00
# Visual Studio Version 16
VisualStudioVersion = 16.0.29709.97
MinimumVisualStudioVersion = 10.0.40219.1
Project("{9A19103F-16F7-4668-BE54-9A1E7A4F7556}") = "Budgeter", "Budgeter\Budgeter.csproj", "{AAF7A5DF-911C-42E6-A37C-58CB7E949DD6}"
EndProject
Project("{9A19103F-16F7-4668-BE54-9A1E7A4F7556}") = "Budgeter.Wpf", "Budgeter.Wpf\Budgeter.Wpf.csproj", "{028ADE3A-5FCA-43CA-A121-D29A5BBA5FC2}"
EndProject
Project("{9A19103F-16F7-4668-BE54-9A1E7A4F7556}") = "Budgeter.API", "Budgeter.API\Budgeter.API.csproj", "{24300920-DEA5-429E-A356-BCE629C13BA0}"
EndProject
Global
	GlobalSection(SolutionConfigurationPlatforms) = preSolution
		Debug|Any CPU = Debug|Any CPU
		Release|Any CPU = Release|Any CPU
	EndGlobalSection
	GlobalSection(ProjectConfigurationPlatforms) = postSolution
		{AAF7A5DF-911C-42E6-A37C-58CB7E949DD6}.Debug|Any CPU.ActiveCfg = Debug|Any CPU
		{AAF7A5DF-911C-42E6-A37C-58CB7E949DD6}.Debug|Any CPU.Build.0 = Debug|Any CPU
		{AAF7A5DF-911C-42E6-A37C-58CB7E949DD6}.Release|Any CPU.ActiveCfg = Release|Any CPU
		{AAF7A5DF-911C-42E6-A37C-58CB7E949DD6}.Release|Any CPU.Build.0 = Release|Any CPU
		{028ADE3A-5FCA-43CA-A121-D29A5BBA5FC2}.Debug|Any CPU.ActiveCfg = Debug|Any CPU
		{028ADE3A-5FCA-43CA-A121-D29A5BBA5FC2}.Debug|Any CPU.Build.0 = Debug|Any CPU
		{028ADE3A-5FCA-43CA-A121-D29A5BBA5FC2}.Release|Any CPU.ActiveCfg = Release|Any CPU
		{028ADE3A-5FCA-43CA-A121-D29A5BBA5FC2}.Release|Any CPU.Build.0 = Release|Any CPU
		{24300920-DEA5-429E-A356-BCE629C13BA0}.Debug|Any CPU.ActiveCfg = Debug|Any CPU
		{24300920-DEA5-429E-A356-BCE629C13BA0}.Debug|Any CPU.Build.0 = Debug|Any CPU
		{24300920-DEA5-429E-A356-BCE629C13BA0}.Release|Any CPU.ActiveCfg = Release|Any CPU
		{24300920-DEA5-429E-A356-BCE629C13BA0}.Release|Any CPU.Build.0 = Release|Any CPU
	EndGlobalSection
	GlobalSection(SolutionProperties) = preSolution
		HideSolutionNode = FALSE
	EndGlobalSection
	GlobalSection(ExtensibilityGlobals) = postSolution
		SolutionGuid = {B7041CAF-DEF6-41B4-A773-6EC5DE38AE56}
	EndGlobalSection
EndGlobal
